<?xml version="1.0" encoding="UTF-8" standalone="yes" ?>
<CodeBlocks_project_file>
	<FileVersion major="1" minor="6" />
	<Project>
		<Option title="CNES" />
		<Option pch_mode="2" />
		<Option compiler="gcc" />
		<Build>
			<Target title="Debug">
				<Option output="bin/Debug/CNES" prefix_auto="1" extension_auto="1" />
				<Option working_dir="bin/Debug" />
				<Option object_output="obj/Debug/" />
				<Option type="1" />
				<Option compiler="gcc" />
				<Compiler>
					<Add option="-g" />
				</Compiler>
			</Target>
			<Target title="Release">
				<Option output="bin/Release/CNES" prefix_auto="1" extension_auto="1" />
				<Option object_output="obj/Release/" />
				<Option type="1" />
				<Option compiler="gcc" />
				<Compiler>
					<Add option="-O2" />
				</Compiler>
				<Linker>
					<Add option="-s" />
				</Linker>
			</Target>
		</Build>
		<Compiler>
			<Add option="-Wall" />
		</Compiler>
		<Unit filename="src/cpu/cpu.c">
			<Option compilerVar="CC" />
		</Unit>
		<Unit filename="src/cpu/cpu.h" />
		<Unit filename="src/cpu/cpuarithmetic.c">
			<Option compilerVar="CC" />
		</Unit>
		<Unit filename="src/cpu/cpuarithmetic.h" />
		<Unit filename="src/cpu/cpubranch.c">
			<Option compilerVar="CC" />
		</Unit>
		<Unit filename="src/cpu/cpubranch.h" />
		<Unit filename="src/cpu/cpuflags.c">
			<Option compilerVar="CC" />
		</Unit>
		<Unit filename="src/cpu/cpuflags.h" />
		<Unit filename="src/cpu/cpuincrement.c">
			<Option compilerVar="CC" />
		</Unit>
		<Unit filename="src/cpu/cpuincrement.h" />
		<Unit filename="src/cpu/cpuinternal.h" />
		<Unit filename="src/cpu/cpujumps.c">
			<Option compilerVar="CC" />
		</Unit>
		<Unit filename="src/cpu/cpujumps.h" />
		<Unit filename="src/cpu/cpuloadstore.c">
			<Option compilerVar="CC" />
		</Unit>
		<Unit filename="src/cpu/cpuloadstore.h" />
		<Unit filename="src/cpu/cpulogical.c">
			<Option compilerVar="CC" />
		</Unit>
		<Unit filename="src/cpu/cpulogical.h" />
		<Unit filename="src/cpu/cpuregtrans.c">
			<Option compilerVar="CC" />
		</Unit>
		<Unit filename="src/cpu/cpuregtrans.h" />
		<Unit filename="src/cpu/cpushifts.c">
			<Option compilerVar="CC" />
		</Unit>
		<Unit filename="src/cpu/cpushifts.h" />
		<Unit filename="src/cpu/cpustack.c">
			<Option compilerVar="CC" />
		</Unit>
		<Unit filename="src/cpu/cpustack.h" />
		<Unit filename="src/cpu/cpusystem.c">
			<Option compilerVar="CC" />
		</Unit>
		<Unit filename="src/cpu/cpusystem.h" />
		<Unit filename="src/cpu/memory/addressing-modes.c">
			<Option compilerVar="CC" />
		</Unit>
		<Unit filename="src/cpu/memory/addressing-modes.h" />
		<Unit filename="src/cpu/memory/memory.c">
			<Option compilerVar="CC" />
		</Unit>
		<Unit filename="src/cpu/memory/memory.h" />
		<Unit filename="src/loader.c">
			<Option compilerVar="CC" />
		</Unit>
		<Unit filename="src/loader.h" />
		<Unit filename="src/main.c">
			<Option compilerVar="CC" />
		</Unit>
		<Unit filename="src/ppu/ppu.c">
			<Option compilerVar="CC" />
		</Unit>
		<Extensions>
			<code_completion />
			<envvars />
			<debugger />
			<lib_finder disable_auto="1" />
		</Extensions>
	</Project>
</CodeBlocks_project_file>
